
Microsoft Visual Studio Solution File, Format Version 12.00
# Visual Studio 15
VisualStudioVersion = 15.0.28307.1062
MinimumVisualStudioVersion = 10.0.40219.1
Project("{9A19103F-16F7-4668-BE54-9A1E7A4F7556}") = "CoreWebAPI", "CoreWebAPI\CoreWebAPI.csproj", "{429513E5-926F-41B5-A306-EE7E87C8D2A0}"
EndProject
Project("{FAE04EC0-301F-11D3-BF4B-00C04F79EFBC}") = "CoreWebFrontEnd", "CoreWebFrontEnd\CoreWebFrontEnd.csproj", "{BCF7678C-57DA-4FA0-BE88-E3AF379A5F4A}"
EndProject
Global
	GlobalSection(SolutionConfigurationPlatforms) = preSolution
		Debug|Any CPU = Debug|Any CPU
		Release|Any CPU = Release|Any CPU
	EndGlobalSection
	GlobalSection(ProjectConfigurationPlatforms) = postSolution
		{429513E5-926F-41B5-A306-EE7E87C8D2A0}.Debug|Any CPU.ActiveCfg = Debug|Any CPU
		{429513E5-926F-41B5-A306-EE7E87C8D2A0}.Debug|Any CPU.Build.0 = Debug|Any CPU
		{429513E5-926F-41B5-A306-EE7E87C8D2A0}.Release|Any CPU.ActiveCfg = Release|Any CPU
		{429513E5-926F-41B5-A306-EE7E87C8D2A0}.Release|Any CPU.Build.0 = Release|Any CPU
		{BCF7678C-57DA-4FA0-BE88-E3AF379A5F4A}.Debug|Any CPU.ActiveCfg = Debug|Any CPU
		{BCF7678C-57DA-4FA0-BE88-E3AF379A5F4A}.Debug|Any CPU.Build.0 = Debug|Any CPU
		{BCF7678C-57DA-4FA0-BE88-E3AF379A5F4A}.Release|Any CPU.ActiveCfg = Release|Any CPU
		{BCF7678C-57DA-4FA0-BE88-E3AF379A5F4A}.Release|Any CPU.Build.0 = Release|Any CPU
	EndGlobalSection
	GlobalSection(SolutionProperties) = preSolution
		HideSolutionNode = FALSE
	EndGlobalSection
	GlobalSection(ExtensibilityGlobals) = postSolution
		SolutionGuid = {BB3F3063-5BC9-4AFA-B72E-3B9CF88943C8}
	EndGlobalSection
EndGlobal
