
Microsoft Visual Studio Solution File, Format Version 12.00
# Visual Studio 15
VisualStudioVersion = 15.0.28307.1062
MinimumVisualStudioVersion = 10.0.40219.1
Project("{FAE04EC0-301F-11D3-BF4B-00C04F79EFBC}") = "AngularJSApp", "AngularJSApp\AngularJSApp.csproj", "{4A9D978A-5D65-4D4E-AD87-3F8A078268DD}"
EndProject
Project("{FAE04EC0-301F-11D3-BF4B-00C04F79EFBC}") = "TestProject", "TestProject\TestProject.csproj", "{B0F3A881-3B83-4622-8C0F-45472FAC515B}"
EndProject
Global
	GlobalSection(SolutionConfigurationPlatforms) = preSolution
		Debug|Any CPU = Debug|Any CPU
		Release|Any CPU = Release|Any CPU
	EndGlobalSection
	GlobalSection(ProjectConfigurationPlatforms) = postSolution
		{4A9D978A-5D65-4D4E-AD87-3F8A078268DD}.Debug|Any CPU.ActiveCfg = Debug|Any CPU
		{4A9D978A-5D65-4D4E-AD87-3F8A078268DD}.Debug|Any CPU.Build.0 = Debug|Any CPU
		{4A9D978A-5D65-4D4E-AD87-3F8A078268DD}.Release|Any CPU.ActiveCfg = Release|Any CPU
		{4A9D978A-5D65-4D4E-AD87-3F8A078268DD}.Release|Any CPU.Build.0 = Release|Any CPU
		{B0F3A881-3B83-4622-8C0F-45472FAC515B}.Debug|Any CPU.ActiveCfg = Debug|Any CPU
		{B0F3A881-3B83-4622-8C0F-45472FAC515B}.Debug|Any CPU.Build.0 = Debug|Any CPU
		{B0F3A881-3B83-4622-8C0F-45472FAC515B}.Release|Any CPU.ActiveCfg = Release|Any CPU
		{B0F3A881-3B83-4622-8C0F-45472FAC515B}.Release|Any CPU.Build.0 = Release|Any CPU
	EndGlobalSection
	GlobalSection(SolutionProperties) = preSolution
		HideSolutionNode = FALSE
	EndGlobalSection
	GlobalSection(ExtensibilityGlobals) = postSolution
		SolutionGuid = {63CEB98F-0A5D-4227-83C2-2BF146DD4002}
	EndGlobalSection
EndGlobal
