
Microsoft Visual Studio Solution File, Format Version 12.00
# Visual Studio 15
VisualStudioVersion = 15.0.28307.902
MinimumVisualStudioVersion = 10.0.40219.1
Project("{FAE04EC0-301F-11D3-BF4B-00C04F79EFBC}") = "EmployeeManagement", "EmployeeManagement\EmployeeManagement.csproj", "{310C4B0A-083F-4981-979F-284B871EA308}"
EndProject
Global
	GlobalSection(SolutionConfigurationPlatforms) = preSolution
		Debug|Any CPU = Debug|Any CPU
		Release|Any CPU = Release|Any CPU
	EndGlobalSection
	GlobalSection(ProjectConfigurationPlatforms) = postSolution
		{310C4B0A-083F-4981-979F-284B871EA308}.Debug|Any CPU.ActiveCfg = Debug|Any CPU
		{310C4B0A-083F-4981-979F-284B871EA308}.Debug|Any CPU.Build.0 = Debug|Any CPU
		{310C4B0A-083F-4981-979F-284B871EA308}.Release|Any CPU.ActiveCfg = Release|Any CPU
		{310C4B0A-083F-4981-979F-284B871EA308}.Release|Any CPU.Build.0 = Release|Any CPU
	EndGlobalSection
	GlobalSection(SolutionProperties) = preSolution
		HideSolutionNode = FALSE
	EndGlobalSection
	GlobalSection(ExtensibilityGlobals) = postSolution
		SolutionGuid = {F45EC353-3293-4111-B33A-BF2F0EF99388}
	EndGlobalSection
EndGlobal
